
Microsoft Visual Studio Solution File, Format Version 12.00
# Visual Studio Version 16
VisualStudioVersion = 16.0.30517.126
MinimumVisualStudioVersion = 10.0.40219.1
Project("{6EC3EE1D-3C4E-46DD-8F32-0CC8E7565705}") = "Pastry-Protocol", "Pastry-Protocol\Pastry-Protocol.fsproj", "{A6D7B801-E968-4CB6-8A39-DE840A5E9544}"
EndProject
Project("{9A19103F-16F7-4668-BE54-9A1E7A4F7556}") = "CSharp.Utils", "Utils\CSharp.Utils.csproj", "{081022B3-EB64-4267-9D05-832A6A22D593}"
EndProject
Global
	GlobalSection(SolutionConfigurationPlatforms) = preSolution
		Debug|Any CPU = Debug|Any CPU
		Release|Any CPU = Release|Any CPU
	EndGlobalSection
	GlobalSection(ProjectConfigurationPlatforms) = postSolution
		{A6D7B801-E968-4CB6-8A39-DE840A5E9544}.Debug|Any CPU.ActiveCfg = Debug|Any CPU
		{A6D7B801-E968-4CB6-8A39-DE840A5E9544}.Debug|Any CPU.Build.0 = Debug|Any CPU
		{A6D7B801-E968-4CB6-8A39-DE840A5E9544}.Release|Any CPU.ActiveCfg = Release|Any CPU
		{A6D7B801-E968-4CB6-8A39-DE840A5E9544}.Release|Any CPU.Build.0 = Release|Any CPU
		{081022B3-EB64-4267-9D05-832A6A22D593}.Debug|Any CPU.ActiveCfg = Debug|Any CPU
		{081022B3-EB64-4267-9D05-832A6A22D593}.Debug|Any CPU.Build.0 = Debug|Any CPU
		{081022B3-EB64-4267-9D05-832A6A22D593}.Release|Any CPU.ActiveCfg = Release|Any CPU
		{081022B3-EB64-4267-9D05-832A6A22D593}.Release|Any CPU.Build.0 = Release|Any CPU
	EndGlobalSection
	GlobalSection(SolutionProperties) = preSolution
		HideSolutionNode = FALSE
	EndGlobalSection
	GlobalSection(ExtensibilityGlobals) = postSolution
		SolutionGuid = {A2E2458D-EC88-4B5F-B556-6442396BFEAF}
	EndGlobalSection
EndGlobal
